{"version":4,"terraform_version":"1.10.7","serial":15,"lineage":"d17bbf99-d4a8-620d-bd2d-638c558d9cb6","outputs":{"debian_12_test_ip_address":{"value":[["127.0.0.1"],["192.168.1.56"]],"type":["list",["list","string"]]}},"resources":[{"mode":"managed","type":"proxmox_virtual_environment_download_file","name":"debian_12","provider":"provider[\"registry.opentofu.org/bpg/proxmox\"]","instances":[{"schema_version":0,"attributes":{"checksum":"8ded46aa96fefbe67ad752efc59dea3a4ce7a24208c8c7bdf8396cd722762b81fe8536f2ec0050255d5197b2396e32eb380167ac1999617cfcd3ac1c15e74e3f","checksum_algorithm":"sha512","content_type":"iso","datastore_id":"local","decompression_algorithm":null,"file_name":"debian-12-generic-amd64.img","id":"local:iso/debian-12-generic-amd64.img","node_name":"pve01","overwrite":true,"overwrite_unmanaged":true,"size":442355200,"upload_timeout":600,"url":"https://cloud.debian.org/images/cloud/bookworm/20241004-1890/debian-12-generic-amd64-20241004-1890.qcow2","verify":true},"sensitive_attributes":[],"private":"eyJvcmlnaW5hbF9zdGF0ZV9zaXplIjoiTkRReU16VTFNakF3IiwidXJsX3NpemUiOiJORFF5TXpVMU1qQXcifQ=="}]},{"mode":"managed","type":"proxmox_virtual_environment_file","name":"user_config","provider":"provider[\"registry.opentofu.org/bpg/proxmox\"]","instances":[{"schema_version":0,"attributes":{"content_type":"snippets","datastore_id":"local","file_mode":null,"file_modification_date":null,"file_name":"user-config.yaml","file_size":null,"file_tag":null,"id":"local:snippets/user-config.yaml","node_name":"pve01","overwrite":true,"source_file":[],"source_raw":[{"data":"#cloud-config\nhostname: test-debian-12\n\n# Configuration du clavier en français (azerty)\nkeyboard:\n  layout: fr\n  variant: azerty\n\n# Locale française\nlocale: fr_FR.UTF-8\ntimezone: Europe/Paris\n\n# # Définir le mot de passe root (méthode simple)\n# chpasswd:\n#   list: |\n#     root:root\n#   expire: false\n\n# Autoriser la connexion SSH root avec mot de passe (optionnel)\nssh_pwauth: true\n\n# a priori le goupe ansible existe déjà.\n# groups:\n#   - ansible\nusers:\n- name: root\n  # Mot de passe en clair (sera hashé par cloud-init)\n  plain_text_passwd: root\n  lock_passwd: false\n  ssh_authorized_keys:\n  - ecdsa-sha2-nistp256 AAAAE2VjZHNhLXNoYTItbmlzdHAyNTYAAAAIbmlzdHAyNTYAAABBBOrgZKktOFZxHW0gNQ/nK7ulvXvSkSjFMDX7gRhsZzyXKFSG0O6mGTlxrrTSLY3fxY+0YqQtE4Dk+jGUh5B3DoQ= ssh key for IAC Proxmox PMORRY\n  - ssh-ed25519 AAAAC3NzaC1lZDI1NTE5AAAAIN3PGdQz/XFj3s5FzV9HZmQ51qmYGmIhq9tiHmwSmSlo philippe.morry@orange.com zxdd7525\n\n- name: ansible\n  gecos: Ansible IAC user for automation\n  ssh_authorized_keys:\n  - ecdsa-sha2-nistp256 AAAAE2VjZHNhLXNoYTItbmlzdHAyNTYAAAAIbmlzdHAyNTYAAABBBOrgZKktOFZxHW0gNQ/nK7ulvXvSkSjFMDX7gRhsZzyXKFSG0O6mGTlxrrTSLY3fxY+0YqQtE4Dk+jGUh5B3DoQ= ssh key for IAC Proxmox PMORRY\n  - ssh-ed25519 AAAAC3NzaC1lZDI1NTE5AAAAIN3PGdQz/XFj3s5FzV9HZmQ51qmYGmIhq9tiHmwSmSlo philippe.morry@orange.com zxdd7525\n  # Mot de passe: \"ansible\" (hash généré avec: mkpasswd --method=SHA-512)\n  plain_text_passwd: ansible\n  # passwd: $6$rounds=4096$saltsaltsal$YKmM8K.9vzL/h1aMxCvVV9tJX7JQQn1KmT0VqGnrVJ3Qr0fYwqP/9mGnD1J3lL6fL9K1qrK9xvK1dK9qrK9xv\n  lock_passwd: false\n  sudo: ['ALL=(ALL) NOPASSWD:ALL']\n  shell: /bin/bash\n  groups: sudo, ansible\n  homedir: /home/ansible\n","file_name":"user-config.yaml","resize":0}],"timeout_upload":1800},"sensitive_attributes":[],"private":"bnVsbA=="}]},{"mode":"managed","type":"proxmox_virtual_environment_file","name":"vendor_config","provider":"provider[\"registry.opentofu.org/bpg/proxmox\"]","instances":[{"schema_version":0,"attributes":{"content_type":"snippets","datastore_id":"local","file_mode":null,"file_modification_date":null,"file_name":"vendor-config.yaml","file_size":null,"file_tag":null,"id":"local:snippets/vendor-config.yaml","node_name":"pve01","overwrite":true,"source_file":[],"source_raw":[{"data":"#cloud-config\npackage_update: true\npackages:\n  - qemu-guest-agent\nruncmd:\n  - systemctl enable --now qemu-guest-agent\n  - echo \"Vendor-specific cloud-init configuration applied.\"","file_name":"vendor-config.yaml","resize":0}],"timeout_upload":1800},"sensitive_attributes":[],"private":"bnVsbA=="}]},{"mode":"managed","type":"proxmox_virtual_environment_vm","name":"debian_12_test","provider":"provider[\"registry.opentofu.org/bpg/proxmox\"]","instances":[{"schema_version":0,"attributes":{"acpi":true,"agent":[{"enabled":true,"timeout":"15m","trim":false,"type":"virtio"}],"audio_device":[],"bios":"seabios","boot_order":null,"cdrom":[],"clone":[],"cpu":[{"affinity":"","architecture":"","cores":2,"flags":null,"hotplugged":0,"limit":0,"numa":false,"sockets":1,"type":"qemu64","units":1024}],"description":"Debian 12 created with Terraform","disk":[{"aio":"io_uring","backup":true,"cache":"none","datastore_id":"local-lvm","discard":"on","file_format":"raw","file_id":"local:iso/debian-12-generic-amd64.img","interface":"virtio0","iothread":true,"path_in_datastore":"vm-106-disk-0","replicate":true,"serial":"","size":8,"speed":[],"ssd":false}],"efi_disk":[],"hook_script_file_id":null,"hostpci":[],"id":"106","initialization":[{"datastore_id":"local-lvm","dns":[],"interface":"ide2","ip_config":[{"ipv4":[{"address":"dhcp","gateway":""}],"ipv6":[]}],"meta_data_file_id":"","network_data_file_id":"","type":"","upgrade":false,"user_account":[],"user_data_file_id":"local:snippets/user-config.yaml","vendor_data_file_id":"local:snippets/vendor-config.yaml"}],"ipv4_addresses":[["127.0.0.1"],["192.168.1.56"]],"ipv6_addresses":[["::1"],["2a01:cb08:82e7:8c00:be24:11ff:fe44:bf88","fe80::be24:11ff:fe44:bf88"]],"keyboard_layout":"en-us","kvm_arguments":"","mac_addresses":["00:00:00:00:00:00","BC:24:11:44:BF:88"],"machine":"","memory":[{"dedicated":2048,"floating":2048,"hugepages":"","keep_hugepages":false,"shared":0}],"migrate":false,"name":"debian-12","network_device":[{"bridge":"vmbr0","disconnected":false,"enabled":true,"firewall":false,"mac_address":"BC:24:11:44:BF:88","model":"virtio","mtu":0,"queues":0,"rate_limit":0,"trunks":"","vlan_id":0}],"network_interface_names":["lo","eth0"],"node_name":"pve01","numa":[],"on_boot":true,"operating_system":[{"type":"l26"}],"pool_id":null,"protection":false,"reboot":false,"scsi_hardware":"virtio-scsi-pci","serial_device":[],"smbios":[],"started":true,"startup":[],"stop_on_destroy":false,"tablet_device":true,"tags":["debian","terraform"],"template":false,"timeout_clone":1800,"timeout_create":1800,"timeout_migrate":1800,"timeout_move_disk":1800,"timeout_reboot":1800,"timeout_shutdown_vm":1800,"timeout_start_vm":1800,"timeout_stop_vm":300,"tpm_state":[],"usb":[],"vga":[],"vm_id":106},"sensitive_attributes":[],"private":"bnVsbA==","dependencies":["proxmox_virtual_environment_download_file.debian_12","proxmox_virtual_environment_file.user_config","proxmox_virtual_environment_file.vendor_config"]}]}],"check_results":null}
