{"version":4,"terraform_version":"1.10.7","serial":36,"lineage":"d17bbf99-d4a8-620d-bd2d-638c558d9cb6","outputs":{"vms_csv_info":{"value":{"dolibarr_dev01":{"id":"113","ip":"192.168.1.121","name":"dolibarr-dev01"},"dolibarr_preprod01":{"id":"115","ip":"192.168.1.111","name":"dolibarr-preprod01"},"dolibarr_prod01":{"id":"114","ip":"192.168.1.101","name":"dolibarr-prod01"},"mysql_prod01":{"id":"112","ip":"192.168.1.100","name":"mysql-prod01"}},"type":["object",{"dolibarr_dev01":["object",{"id":"string","ip":"string","name":"string"}],"dolibarr_preprod01":["object",{"id":"string","ip":"string","name":"string"}],"dolibarr_prod01":["object",{"id":"string","ip":"string","name":"string"}],"mysql_prod01":["object",{"id":"string","ip":"string","name":"string"}]}]}},"resources":[{"mode":"managed","type":"local_file","name":"ansible_inventory_csv","provider":"provider[\"registry.opentofu.org/hashicorp/local\"]","instances":[{"schema_version":0,"attributes":{"content":"# Inventaire Ansible généré automatiquement par Terraform\n# Ne pas modifier manuellement - ce fichier sera écrasé\n\n# Groupes par type de serveur\n[dev]\ndolibarr-dev01 ansible_host=192.168.1.121 ansible_user=ansible ansible_ssh_private_key_file=~/.ssh/id_ecdsa\n\n[webservers]\ndolibarr-dev01 ansible_host=192.168.1.121 ansible_user=ansible ansible_ssh_private_key_file=~/.ssh/id_ecdsa\ndolibarr-preprod01 ansible_host=192.168.1.111 ansible_user=ansible ansible_ssh_private_key_file=~/.ssh/id_ecdsa\ndolibarr-prod01 ansible_host=192.168.1.101 ansible_user=ansible ansible_ssh_private_key_file=~/.ssh/id_ecdsa\n\n[dolibarr]\ndolibarr-dev01 ansible_host=192.168.1.121 ansible_user=ansible ansible_ssh_private_key_file=~/.ssh/id_ecdsa\ndolibarr-preprod01 ansible_host=192.168.1.111 ansible_user=ansible ansible_ssh_private_key_file=~/.ssh/id_ecdsa\ndolibarr-prod01 ansible_host=192.168.1.101 ansible_user=ansible ansible_ssh_private_key_file=~/.ssh/id_ecdsa\n\n[preprod]\ndolibarr-preprod01 ansible_host=192.168.1.111 ansible_user=ansible ansible_ssh_private_key_file=~/.ssh/id_ecdsa\n\n[prod]\ndolibarr-prod01 ansible_host=192.168.1.101 ansible_user=ansible ansible_ssh_private_key_file=~/.ssh/id_ecdsa\nmysql-prod01 ansible_host=192.168.1.100 ansible_user=ansible ansible_ssh_private_key_file=~/.ssh/id_ecdsa\n\n[databases]\nmysql-prod01 ansible_host=192.168.1.100 ansible_user=ansible ansible_ssh_private_key_file=~/.ssh/id_ecdsa\n\n# Groupe global\n[all:children]\ndev\nwebservers\ndolibarr\npreprod\nprod\ndatabases\n\n[all:vars]\nansible_python_interpreter=/usr/bin/python3\nansible_ssh_common_args='-o StrictHostKeyChecking=no'\n","content_base64":null,"content_base64sha256":"bW09I5ASu3LOhytYdRkNAJkPSkOJ89RqHNu0/EUT0FM=","content_base64sha512":"komeXRdQgoNC8ahXqNq3IxkndILs0G3HxY5FXdOgB6cwEI/pzz/VI7pipmu4unD4ZlRDz/5TJWqFqesDG/7swA==","content_md5":"c1add7376893b096a06d9ae074082524","content_sha1":"c3fb895140634a02df673a12a1dc043e298060aa","content_sha256":"6d6d3d239012bb72ce872b5875190d00990f4a4389f3d46a1cdbb4fc4513d053","content_sha512":"92899e5d1750828342f1a857a8dab72319277482ecd06dc7c58e455dd3a007a730108fe9cf3fd523ba62a66bb8ba70f8665443cffe53256a85a9eb031bfeecc0","directory_permission":"0777","file_permission":"0644","filename":"./../ansible/inventory/proxmox/inventory.ini","id":"c3fb895140634a02df673a12a1dc043e298060aa","sensitive_content":null,"source":null},"sensitive_attributes":[[{"type":"get_attr","value":"sensitive_content"}]],"dependencies":["proxmox_virtual_environment_download_file.debian_12","proxmox_virtual_environment_file.user_config","proxmox_virtual_environment_file.vendor_config","proxmox_virtual_environment_vm.vms_csv"]}]},{"mode":"managed","type":"proxmox_virtual_environment_download_file","name":"debian_12","provider":"provider[\"registry.opentofu.org/bpg/proxmox\"]","instances":[{"schema_version":0,"attributes":{"checksum":"8ded46aa96fefbe67ad752efc59dea3a4ce7a24208c8c7bdf8396cd722762b81fe8536f2ec0050255d5197b2396e32eb380167ac1999617cfcd3ac1c15e74e3f","checksum_algorithm":"sha512","content_type":"iso","datastore_id":"local","decompression_algorithm":null,"file_name":"debian-12-generic-amd64.img","id":"local:iso/debian-12-generic-amd64.img","node_name":"pve01","overwrite":true,"overwrite_unmanaged":true,"size":442355200,"upload_timeout":600,"url":"https://cloud.debian.org/images/cloud/bookworm/20241004-1890/debian-12-generic-amd64-20241004-1890.qcow2","verify":true},"sensitive_attributes":[],"private":"eyJvcmlnaW5hbF9zdGF0ZV9zaXplIjoiTkRReU16VTFNakF3IiwidXJsX3NpemUiOiJORFF5TXpVMU1qQXcifQ=="}]},{"mode":"managed","type":"proxmox_virtual_environment_file","name":"user_config","provider":"provider[\"registry.opentofu.org/bpg/proxmox\"]","instances":[{"schema_version":0,"attributes":{"content_type":"snippets","datastore_id":"local","file_mode":null,"file_modification_date":null,"file_name":"user-config.yaml","file_size":null,"file_tag":null,"id":"local:snippets/user-config.yaml","node_name":"pve01","overwrite":true,"source_file":[],"source_raw":[{"data":"#cloud-config\nhostname: test-debian-12\n\n# Configuration du clavier en français (azerty)\nkeyboard:\n  layout: fr\n  variant: azerty\n\n# Locale française\nlocale: fr_FR.UTF-8\ntimezone: Europe/Paris\n\n# # Définir le mot de passe root (méthode simple)\n# chpasswd:\n#   list: |\n#     root:root\n#   expire: false\n\n# Autoriser la connexion SSH root avec mot de passe (optionnel)\nssh_pwauth: true\n\n# a priori le goupe ansible existe déjà.\n# groups:\n#   - ansible\nusers:\n- name: root\n  # Mot de passe en clair (sera hashé par cloud-init)\n  plain_text_passwd: root\n  lock_passwd: false\n  ssh_authorized_keys:\n  - ecdsa-sha2-nistp256 AAAAE2VjZHNhLXNoYTItbmlzdHAyNTYAAAAIbmlzdHAyNTYAAABBBAQ6LRUfs3P2Tl+GRuUidOtnXCWDlJqmxlag3rl9ThT+XTIxdN+/rmI/arBpcnzXoFoFGKi4JTq5HUpmGJzFyoA= ssh key for IAC Proxmox PMORRY\n  - ssh-ed25519 AAAAC3NzaC1lZDI1NTE5AAAAIN3PGdQz/XFj3s5FzV9HZmQ51qmYGmIhq9tiHmwSmSlo philippe.morry@orange.com zxdd7525\n\n\n- name: ansible\n  gecos: Ansible IAC user for automation\n  ssh_authorized_keys:\n  - ecdsa-sha2-nistp256 AAAAE2VjZHNhLXNoYTItbmlzdHAyNTYAAAAIbmlzdHAyNTYAAABBBAQ6LRUfs3P2Tl+GRuUidOtnXCWDlJqmxlag3rl9ThT+XTIxdN+/rmI/arBpcnzXoFoFGKi4JTq5HUpmGJzFyoA= ssh key for IAC Proxmox PMORRY\n  - ssh-ed25519 AAAAC3NzaC1lZDI1NTE5AAAAIN3PGdQz/XFj3s5FzV9HZmQ51qmYGmIhq9tiHmwSmSlo philippe.morry@orange.com zxdd7525\n  # Mot de passe: \"ansible\" (hash généré avec: mkpasswd --method=SHA-512)\n  plain_text_passwd: ansible\n  # passwd: $6$rounds=4096$saltsaltsal$YKmM8K.9vzL/h1aMxCvVV9tJX7JQQn1KmT0VqGnrVJ3Qr0fYwqP/9mGnD1J3lL6fL9K1qrK9xvK1dK9qrK9xv\n  lock_passwd: false\n  sudo: ['ALL=(ALL) NOPASSWD:ALL']\n  shell: /bin/bash\n  groups: sudo\n  homedir: /home/ansible\n","file_name":"user-config.yaml","resize":0}],"timeout_upload":1800},"sensitive_attributes":[],"private":"bnVsbA=="}]},{"mode":"managed","type":"proxmox_virtual_environment_file","name":"vendor_config","provider":"provider[\"registry.opentofu.org/bpg/proxmox\"]","instances":[{"schema_version":0,"attributes":{"content_type":"snippets","datastore_id":"local","file_mode":null,"file_modification_date":null,"file_name":"vendor-config.yaml","file_size":null,"file_tag":null,"id":"local:snippets/vendor-config.yaml","node_name":"pve01","overwrite":true,"source_file":[],"source_raw":[{"data":"#cloud-config\npackage_update: true\npackages:\n  - qemu-guest-agent\nruncmd:\n  - systemctl enable --now qemu-guest-agent\n  - echo \"Vendor-specific cloud-init configuration applied.\"","file_name":"vendor-config.yaml","resize":0}],"timeout_upload":1800},"sensitive_attributes":[],"private":"bnVsbA=="}]},{"mode":"managed","type":"proxmox_virtual_environment_vm","name":"vms_csv","provider":"provider[\"registry.opentofu.org/bpg/proxmox\"]","instances":[{"index_key":"dolibarr_dev01","status":"tainted","schema_version":0,"attributes":{"acpi":true,"agent":[{"enabled":true,"timeout":"15m","trim":false,"type":"virtio"}],"audio_device":[],"bios":"seabios","boot_order":null,"cdrom":[],"clone":[],"cpu":[{"affinity":"","architecture":"","cores":2,"flags":null,"hotplugged":0,"limit":0,"numa":false,"sockets":1,"type":"qemu64","units":1024}],"description":"Dolibarr Développement","disk":[{"aio":"io_uring","backup":true,"cache":"none","datastore_id":"local-lvm","discard":"on","file_format":"","file_id":"local:iso/debian-12-generic-amd64.img","interface":"virtio0","iothread":true,"path_in_datastore":"","replicate":true,"serial":"","size":8,"speed":[],"ssd":true}],"efi_disk":[],"hook_script_file_id":null,"hostpci":[],"id":"106","initialization":[{"datastore_id":"local-lvm","dns":[],"interface":"","ip_config":[{"ipv4":[{"address":"192.168.1.121/24","gateway":"192.168.1.1"}],"ipv6":[]}],"meta_data_file_id":"","network_data_file_id":"","type":"","upgrade":false,"user_account":[],"user_data_file_id":"local:snippets/user-config.yaml","vendor_data_file_id":"local:snippets/vendor-config.yaml"}],"ipv4_addresses":null,"ipv6_addresses":null,"keyboard_layout":"en-us","kvm_arguments":null,"mac_addresses":null,"machine":null,"memory":[{"dedicated":2048,"floating":2048,"hugepages":"","keep_hugepages":false,"shared":0}],"migrate":false,"name":"dolibarr-dev01","network_device":[{"bridge":"vmbr0","disconnected":false,"enabled":true,"firewall":false,"mac_address":"BC:24:11:44:BF:21","model":"virtio","mtu":0,"queues":0,"rate_limit":0,"trunks":"","vlan_id":0}],"network_interface_names":null,"node_name":"pve02","numa":[],"on_boot":true,"operating_system":[{"type":"l26"}],"pool_id":null,"protection":false,"reboot":false,"scsi_hardware":"virtio-scsi-pci","serial_device":[],"smbios":[],"started":true,"startup":[],"stop_on_destroy":false,"tablet_device":true,"tags":["terraform","dev","web","debian"],"template":false,"timeout_clone":1800,"timeout_create":1800,"timeout_migrate":1800,"timeout_move_disk":1800,"timeout_reboot":1800,"timeout_shutdown_vm":1800,"timeout_start_vm":1800,"timeout_stop_vm":300,"tpm_state":[],"usb":[],"vga":[],"vm_id":106},"sensitive_attributes":[],"private":"bnVsbA==","dependencies":["proxmox_virtual_environment_download_file.debian_12","proxmox_virtual_environment_file.user_config","proxmox_virtual_environment_file.vendor_config"]},{"index_key":"dolibarr_preprod01","schema_version":0,"attributes":{"acpi":true,"agent":[{"enabled":true,"timeout":"15m","trim":false,"type":"virtio"}],"audio_device":[],"bios":"seabios","boot_order":null,"cdrom":[],"clone":[],"cpu":[{"affinity":"","architecture":"","cores":2,"flags":[],"hotplugged":0,"limit":0,"numa":false,"sockets":1,"type":"qemu64","units":1024}],"description":"Dolibarr Pre-Production - Tests","disk":[{"aio":"io_uring","backup":true,"cache":"none","datastore_id":"local-lvm","discard":"on","file_format":"raw","file_id":"local:iso/debian-12-generic-amd64.img","interface":"virtio0","iothread":true,"path_in_datastore":"vm-115-disk-0","replicate":true,"serial":"","size":8,"speed":[],"ssd":false}],"efi_disk":[],"hook_script_file_id":null,"hostpci":[],"id":"115","initialization":[{"datastore_id":"local-lvm","dns":[],"interface":"ide2","ip_config":[{"ipv4":[{"address":"192.168.1.111/24","gateway":"192.168.1.1"}],"ipv6":[]}],"meta_data_file_id":"","network_data_file_id":"","type":"","upgrade":false,"user_account":[],"user_data_file_id":"local:snippets/user-config.yaml","vendor_data_file_id":"local:snippets/vendor-config.yaml"}],"ipv4_addresses":[],"ipv6_addresses":[],"keyboard_layout":"en-us","kvm_arguments":"","mac_addresses":["BC:24:11:44:BF:11"],"machine":"","memory":[{"dedicated":2048,"floating":2048,"hugepages":"","keep_hugepages":false,"shared":0}],"migrate":false,"name":"dolibarr-preprod01","network_device":[{"bridge":"vmbr0","disconnected":false,"enabled":true,"firewall":false,"mac_address":"BC:24:11:44:BF:11","model":"virtio","mtu":0,"queues":0,"rate_limit":0,"trunks":"","vlan_id":0}],"network_interface_names":[],"node_name":"pve01","numa":[],"on_boot":true,"operating_system":[{"type":"l26"}],"pool_id":null,"protection":false,"reboot":false,"scsi_hardware":"virtio-scsi-pci","serial_device":[],"smbios":[],"started":false,"startup":[],"stop_on_destroy":false,"tablet_device":true,"tags":["debian","erp","preprod","terraform","web"],"template":false,"timeout_clone":1800,"timeout_create":1800,"timeout_migrate":1800,"timeout_move_disk":1800,"timeout_reboot":1800,"timeout_shutdown_vm":1800,"timeout_start_vm":1800,"timeout_stop_vm":300,"tpm_state":[],"usb":[],"vga":[],"vm_id":115},"sensitive_attributes":[],"private":"bnVsbA==","dependencies":["proxmox_virtual_environment_download_file.debian_12","proxmox_virtual_environment_file.user_config","proxmox_virtual_environment_file.vendor_config"]},{"index_key":"dolibarr_prod01","schema_version":0,"attributes":{"acpi":true,"agent":[{"enabled":true,"timeout":"15m","trim":false,"type":"virtio"}],"audio_device":[],"bios":"seabios","boot_order":null,"cdrom":[],"clone":[],"cpu":[{"affinity":"","architecture":"","cores":2,"flags":[],"hotplugged":0,"limit":0,"numa":false,"sockets":1,"type":"qemu64","units":1024}],"description":"Dolibarr Production - Serveur principal","disk":[{"aio":"io_uring","backup":true,"cache":"none","datastore_id":"local-lvm","discard":"on","file_format":"raw","file_id":"local:iso/debian-12-generic-amd64.img","interface":"virtio0","iothread":true,"path_in_datastore":"vm-114-disk-0","replicate":true,"serial":"","size":8,"speed":[],"ssd":false}],"efi_disk":[],"hook_script_file_id":null,"hostpci":[],"id":"114","initialization":[{"datastore_id":"local-lvm","dns":[],"interface":"ide2","ip_config":[{"ipv4":[{"address":"192.168.1.101/24","gateway":"192.168.1.1"}],"ipv6":[]}],"meta_data_file_id":"","network_data_file_id":"","type":"","upgrade":false,"user_account":[],"user_data_file_id":"local:snippets/user-config.yaml","vendor_data_file_id":"local:snippets/vendor-config.yaml"}],"ipv4_addresses":[],"ipv6_addresses":[],"keyboard_layout":"en-us","kvm_arguments":"","mac_addresses":["BC:24:11:44:BF:01"],"machine":"","memory":[{"dedicated":4096,"floating":4096,"hugepages":"","keep_hugepages":false,"shared":0}],"migrate":false,"name":"dolibarr-prod01","network_device":[{"bridge":"vmbr0","disconnected":false,"enabled":true,"firewall":false,"mac_address":"BC:24:11:44:BF:01","model":"virtio","mtu":0,"queues":0,"rate_limit":0,"trunks":"","vlan_id":0}],"network_interface_names":[],"node_name":"pve01","numa":[],"on_boot":true,"operating_system":[{"type":"l26"}],"pool_id":null,"protection":false,"reboot":false,"scsi_hardware":"virtio-scsi-pci","serial_device":[],"smbios":[],"started":false,"startup":[],"stop_on_destroy":false,"tablet_device":true,"tags":["debian","erp","prod","terraform","web"],"template":false,"timeout_clone":1800,"timeout_create":1800,"timeout_migrate":1800,"timeout_move_disk":1800,"timeout_reboot":1800,"timeout_shutdown_vm":1800,"timeout_start_vm":1800,"timeout_stop_vm":300,"tpm_state":[],"usb":[],"vga":[],"vm_id":114},"sensitive_attributes":[],"private":"bnVsbA==","dependencies":["proxmox_virtual_environment_download_file.debian_12","proxmox_virtual_environment_file.user_config","proxmox_virtual_environment_file.vendor_config"]},{"index_key":"mysql_prod01","schema_version":0,"attributes":{"acpi":true,"agent":[{"enabled":true,"timeout":"15m","trim":false,"type":"virtio"}],"audio_device":[],"bios":"seabios","boot_order":null,"cdrom":[],"clone":[],"cpu":[{"affinity":"","architecture":"","cores":4,"flags":[],"hotplugged":0,"limit":0,"numa":false,"sockets":1,"type":"qemu64","units":1024}],"description":"MySQL/MariaDB Production","disk":[{"aio":"io_uring","backup":true,"cache":"none","datastore_id":"local-lvm","discard":"on","file_format":"raw","file_id":"local:iso/debian-12-generic-amd64.img","interface":"virtio0","iothread":true,"path_in_datastore":"vm-112-disk-0","replicate":true,"serial":"","size":8,"speed":[],"ssd":false}],"efi_disk":[],"hook_script_file_id":null,"hostpci":[],"id":"112","initialization":[{"datastore_id":"local-lvm","dns":[],"interface":"ide2","ip_config":[{"ipv4":[{"address":"192.168.1.100/24","gateway":"192.168.1.1"}],"ipv6":[]}],"meta_data_file_id":"","network_data_file_id":"","type":"","upgrade":false,"user_account":[],"user_data_file_id":"local:snippets/user-config.yaml","vendor_data_file_id":"local:snippets/vendor-config.yaml"}],"ipv4_addresses":[],"ipv6_addresses":[],"keyboard_layout":"en-us","kvm_arguments":"","mac_addresses":["BC:24:11:44:BF:10"],"machine":"","memory":[{"dedicated":8192,"floating":8192,"hugepages":"","keep_hugepages":false,"shared":0}],"migrate":false,"name":"mysql-prod01","network_device":[{"bridge":"vmbr0","disconnected":false,"enabled":true,"firewall":false,"mac_address":"BC:24:11:44:BF:10","model":"virtio","mtu":0,"queues":0,"rate_limit":0,"trunks":"","vlan_id":0}],"network_interface_names":[],"node_name":"pve01","numa":[],"on_boot":true,"operating_system":[{"type":"l26"}],"pool_id":null,"protection":false,"reboot":false,"scsi_hardware":"virtio-scsi-pci","serial_device":[],"smbios":[],"started":false,"startup":[],"stop_on_destroy":false,"tablet_device":true,"tags":["database","debian","prod","terraform"],"template":false,"timeout_clone":1800,"timeout_create":1800,"timeout_migrate":1800,"timeout_move_disk":1800,"timeout_reboot":1800,"timeout_shutdown_vm":1800,"timeout_start_vm":1800,"timeout_stop_vm":300,"tpm_state":[],"usb":[],"vga":[],"vm_id":112},"sensitive_attributes":[],"private":"bnVsbA==","dependencies":["proxmox_virtual_environment_download_file.debian_12","proxmox_virtual_environment_file.user_config","proxmox_virtual_environment_file.vendor_config"]}]}],"check_results":null}
